{
  "name": "com.swttt.homekit",
  "version": "4.3.3",
  "lockfileVersion": 2,
  "requires": true,
  "packages": {
    "": {
      "name": "com.swttt.homekit",
      "version": "4.3.3",
      "dependencies": {
        "athom-api": "^2.1.179",
        "lodash.debounce": "^4.0.8",
        "node-persist": "^0.0.11"
      }
    },
    "node_modules/athom-api": {
      "version": "2.1.179",
      "resolved": "https://registry.npmjs.org/athom-api/-/athom-api-2.1.179.tgz",
      "integrity": "sha512-DMfmsD5K1mQOfv2puInPAkt+VknCfjCiNnwRGX8sp5Lf/ypy6fMYl/I4BXx5UrspLsa9I40i8SxI4a60WbYcSw=="
    },
    "node_modules/lodash.debounce": {
      "version": "4.0.8",
      "resolved": "https://registry.npmjs.org/lodash.debounce/-/lodash.debounce-4.0.8.tgz",
      "integrity": "sha1-gteb/zCmfEAF/9XiUVMArZyk168="
    },
    "node_modules/minimist": {
      "version": "1.2.6",
      "resolved": "https://registry.npmjs.org/minimist/-/minimist-1.2.6.tgz",
      "integrity": "sha512-Jsjnk4bw3YJqYzbdyBiNsPWHPfO++UGG749Cxs6peCu5Xg4nrena6OVxOYxrQTqww0Jmwt+Ref8rggumkTLz9Q=="
    },
    "node_modules/mkdirp": {
      "version": "0.5.6",
      "resolved": "https://registry.npmjs.org/mkdirp/-/mkdirp-0.5.6.tgz",
      "integrity": "sha512-FP+p8RB8OWpF3YZBCrP5gtADmtXApB5AMLn+vdyA+PyxCjrCs00mjyUozssO33cwDeT3wNGdLxJ5M//YqtHAJw==",
      "dependencies": {
        "minimist": "^1.2.6"
      },
      "bin": {
        "mkdirp": "bin/cmd.js"
      }
    },
    "node_modules/node-persist": {
      "version": "0.0.11",
      "resolved": "https://registry.npmjs.org/node-persist/-/node-persist-0.0.11.tgz",
      "integrity": "sha512-J3EPzQDgPxPBID7TqHSd5KkpTULFqJUvYDoISfOWg9EihpeVCH3b6YQeDeubzVuc4e6+aiVmkz2sdkWI4K+ghA==",
      "dependencies": {
        "mkdirp": "~0.5.1",
        "q": "~1.1.1"
      }
    },
    "node_modules/q": {
      "version": "1.1.2",
      "resolved": "https://registry.npmjs.org/q/-/q-1.1.2.tgz",
      "integrity": "sha512-ROtylwux7Vkc4C07oKE/ReigUmb33kVoLtcR4SJ1QVqwaZkBEDL3vX4/kwFzIERQ5PfCl0XafbU8u2YUhyGgVA==",
      "engines": {
        "node": ">=0.6.0",
        "teleport": ">=0.2.0"
      }
    }
  },
  "dependencies": {
    "athom-api": {
      "version": "2.1.179",
      "resolved": "https://registry.npmjs.org/athom-api/-/athom-api-2.1.179.tgz",
      "integrity": "sha512-DMfmsD5K1mQOfv2puInPAkt+VknCfjCiNnwRGX8sp5Lf/ypy6fMYl/I4BXx5UrspLsa9I40i8SxI4a60WbYcSw=="
    },
    "lodash.debounce": {
      "version": "4.0.8",
      "resolved": "https://registry.npmjs.org/lodash.debounce/-/lodash.debounce-4.0.8.tgz",
      "integrity": "sha1-gteb/zCmfEAF/9XiUVMArZyk168="
    },
    "minimist": {
      "version": "1.2.6",
      "resolved": "https://registry.npmjs.org/minimist/-/minimist-1.2.6.tgz",
      "integrity": "sha512-Jsjnk4bw3YJqYzbdyBiNsPWHPfO++UGG749Cxs6peCu5Xg4nrena6OVxOYxrQTqww0Jmwt+Ref8rggumkTLz9Q=="
    },
    "mkdirp": {
      "version": "0.5.6",
      "resolved": "https://registry.npmjs.org/mkdirp/-/mkdirp-0.5.6.tgz",
      "integrity": "sha512-FP+p8RB8OWpF3YZBCrP5gtADmtXApB5AMLn+vdyA+PyxCjrCs00mjyUozssO33cwDeT3wNGdLxJ5M//YqtHAJw==",
      "requires": {
        "minimist": "^1.2.6"
      }
    },
    "node-persist": {
      "version": "0.0.11",
      "resolved": "https://registry.npmjs.org/node-persist/-/node-persist-0.0.11.tgz",
      "integrity": "sha512-J3EPzQDgPxPBID7TqHSd5KkpTULFqJUvYDoISfOWg9EihpeVCH3b6YQeDeubzVuc4e6+aiVmkz2sdkWI4K+ghA==",
      "requires": {
        "mkdirp": "~0.5.1",
        "q": "~1.1.1"
      }
    },
    "q": {
      "version": "1.1.2",
      "resolved": "https://registry.npmjs.org/q/-/q-1.1.2.tgz",
      "integrity": "sha512-ROtylwux7Vkc4C07oKE/ReigUmb33kVoLtcR4SJ1QVqwaZkBEDL3vX4/kwFzIERQ5PfCl0XafbU8u2YUhyGgVA=="
    }
  }
}
